
Microsoft Visual Studio Solution File, Format Version 12.00
# Visual Studio Version 17
VisualStudioVersion = 17.11.35312.102
MinimumVisualStudioVersion = 10.0.40219.1
Project("{FAE04EC0-301F-11D3-BF4B-00C04F79EFBC}") = "EstoqueTechTest.API", "EstoqueTechTest.API\EstoqueTechTest.API.csproj", "{DFDF3276-F469-4558-B1D1-A62D6DA91054}"
EndProject
Project("{FAE04EC0-301F-11D3-BF4B-00C04F79EFBC}") = "EstoqueTechTest.Domain", "EstoqueTechTest.Domain\EstoqueTechTest.Domain.csproj", "{207C1A84-69D1-4A42-84D0-2CED26CA6875}"
EndProject
Project("{FAE04EC0-301F-11D3-BF4B-00C04F79EFBC}") = "EstoqueTechTest.Data", "EstoqueTechTest.Data\EstoqueTechTest.Data.csproj", "{376E5D6E-7D39-46AE-A40B-551414B73F70}"
EndProject
Project("{FAE04EC0-301F-11D3-BF4B-00C04F79EFBC}") = "EstoqueTechTest.Services", "EstoqueTechTest.Services\EstoqueTechTest.Services.csproj", "{91DAF1CA-7FF0-4B88-BCE5-E3FC2B55F091}"
EndProject
Project("{FAE04EC0-301F-11D3-BF4B-00C04F79EFBC}") = "EstoqueTechTest.Common", "EstoqueTechTest.Common\EstoqueTechTest.Common.csproj", "{F4FB2738-4BAA-421D-989C-A69C0C93EE8F}"
EndProject
Global
	GlobalSection(SolutionConfigurationPlatforms) = preSolution
		Debug|Any CPU = Debug|Any CPU
		Release|Any CPU = Release|Any CPU
	EndGlobalSection
	GlobalSection(ProjectConfigurationPlatforms) = postSolution
		{DFDF3276-F469-4558-B1D1-A62D6DA91054}.Debug|Any CPU.ActiveCfg = Debug|Any CPU
		{DFDF3276-F469-4558-B1D1-A62D6DA91054}.Debug|Any CPU.Build.0 = Debug|Any CPU
		{DFDF3276-F469-4558-B1D1-A62D6DA91054}.Release|Any CPU.ActiveCfg = Release|Any CPU
		{DFDF3276-F469-4558-B1D1-A62D6DA91054}.Release|Any CPU.Build.0 = Release|Any CPU
		{207C1A84-69D1-4A42-84D0-2CED26CA6875}.Debug|Any CPU.ActiveCfg = Debug|Any CPU
		{207C1A84-69D1-4A42-84D0-2CED26CA6875}.Debug|Any CPU.Build.0 = Debug|Any CPU
		{207C1A84-69D1-4A42-84D0-2CED26CA6875}.Release|Any CPU.ActiveCfg = Release|Any CPU
		{207C1A84-69D1-4A42-84D0-2CED26CA6875}.Release|Any CPU.Build.0 = Release|Any CPU
		{376E5D6E-7D39-46AE-A40B-551414B73F70}.Debug|Any CPU.ActiveCfg = Debug|Any CPU
		{376E5D6E-7D39-46AE-A40B-551414B73F70}.Debug|Any CPU.Build.0 = Debug|Any CPU
		{376E5D6E-7D39-46AE-A40B-551414B73F70}.Release|Any CPU.ActiveCfg = Release|Any CPU
		{376E5D6E-7D39-46AE-A40B-551414B73F70}.Release|Any CPU.Build.0 = Release|Any CPU
		{91DAF1CA-7FF0-4B88-BCE5-E3FC2B55F091}.Debug|Any CPU.ActiveCfg = Debug|Any CPU
		{91DAF1CA-7FF0-4B88-BCE5-E3FC2B55F091}.Debug|Any CPU.Build.0 = Debug|Any CPU
		{91DAF1CA-7FF0-4B88-BCE5-E3FC2B55F091}.Release|Any CPU.ActiveCfg = Release|Any CPU
		{91DAF1CA-7FF0-4B88-BCE5-E3FC2B55F091}.Release|Any CPU.Build.0 = Release|Any CPU
		{F4FB2738-4BAA-421D-989C-A69C0C93EE8F}.Debug|Any CPU.ActiveCfg = Debug|Any CPU
		{F4FB2738-4BAA-421D-989C-A69C0C93EE8F}.Debug|Any CPU.Build.0 = Debug|Any CPU
		{F4FB2738-4BAA-421D-989C-A69C0C93EE8F}.Release|Any CPU.ActiveCfg = Release|Any CPU
		{F4FB2738-4BAA-421D-989C-A69C0C93EE8F}.Release|Any CPU.Build.0 = Release|Any CPU
	EndGlobalSection
	GlobalSection(SolutionProperties) = preSolution
		HideSolutionNode = FALSE
	EndGlobalSection
	GlobalSection(ExtensibilityGlobals) = postSolution
		SolutionGuid = {59E975BD-5890-403B-B8C3-EC1325F56148}
	EndGlobalSection
EndGlobal
